github.com/xhd2015/less-gen v0.0.16 h1:sJmQfppuO3+BM8qBnp73+iEY2kuJAFqvQCuleyf0ATw=
github.com/xhd2015/less-gen v0.0.16/go.mod h1:Ym5HW/yfVnf2mgSo48QsuHAKnMTPv/u7oqty+raTnTQ=
github.com/xhd2015/xgo v1.1.10 h1:3pFpn7Vy6hARAzI5oY2pD/kLx3aemTbV4kzCZj2vITg=
github.com/xhd2015/xgo v1.1.10/go.mod h1:LJxlcYSaXo/9YpsnB3yHh9NHe7BRettYCytaNGWY2BE=
